
Microsoft Visual Studio Solution File, Format Version 12.00
# Visual Studio 15
VisualStudioVersion = 15.0.28307.1622
MinimumVisualStudioVersion = 10.0.40219.1
Project("{FAE04EC0-301F-11D3-BF4B-00C04F79EFBC}") = "WindowsFormsApp1", "WindowsFormsApp1\WindowsFormsApp1.csproj", "{B5040996-6489-430F-9979-746FF90A178C}"
EndProject
Project("{FAE04EC0-301F-11D3-BF4B-00C04F79EFBC}") = "WindowsFormsApp2", "WindowsFormsApp2\WindowsFormsApp2.csproj", "{A82748A3-B662-42E7-9DB9-98931E48C9AB}"
EndProject
Project("{FAE04EC0-301F-11D3-BF4B-00C04F79EFBC}") = "PropertiGridTest", "PropertiGridTest\PropertiGridTest.csproj", "{D3E0808F-63D5-4DF4-A571-2EC75B7B8BC4}"
EndProject
Project("{FAE04EC0-301F-11D3-BF4B-00C04F79EFBC}") = "DataGridViewTest", "DataGridViewTest\DataGridViewTest.csproj", "{7945F036-FC94-403E-BB65-8BF48039184A}"
EndProject
Project("{FAE04EC0-301F-11D3-BF4B-00C04F79EFBC}") = "FileDirectoryTest", "FileDirectoryTest\FileDirectoryTest.csproj", "{8CE3F83B-D300-4DA2-AA0A-F3B39244873A}"
EndProject
Project("{FAE04EC0-301F-11D3-BF4B-00C04F79EFBC}") = "StringTextTest", "StringTextTest\StringTextTest.csproj", "{9337B46B-93C6-4D5D-A99C-26196DE1E8D3}"
EndProject
Project("{FAE04EC0-301F-11D3-BF4B-00C04F79EFBC}") = "ArrayAndListTest", "ArrayAndListTest\ArrayAndListTest.csproj", "{1A3EDBE3-3E13-4322-BC76-04235418BE4F}"
EndProject
Global
	GlobalSection(SolutionConfigurationPlatforms) = preSolution
		Debug|Any CPU = Debug|Any CPU
		Debug|x64 = Debug|x64
		Release|Any CPU = Release|Any CPU
		Release|x64 = Release|x64
	EndGlobalSection
	GlobalSection(ProjectConfigurationPlatforms) = postSolution
		{B5040996-6489-430F-9979-746FF90A178C}.Debug|Any CPU.ActiveCfg = Debug|Any CPU
		{B5040996-6489-430F-9979-746FF90A178C}.Debug|Any CPU.Build.0 = Debug|Any CPU
		{B5040996-6489-430F-9979-746FF90A178C}.Debug|x64.ActiveCfg = Debug|Any CPU
		{B5040996-6489-430F-9979-746FF90A178C}.Debug|x64.Build.0 = Debug|Any CPU
		{B5040996-6489-430F-9979-746FF90A178C}.Release|Any CPU.ActiveCfg = Release|Any CPU
		{B5040996-6489-430F-9979-746FF90A178C}.Release|Any CPU.Build.0 = Release|Any CPU
		{B5040996-6489-430F-9979-746FF90A178C}.Release|x64.ActiveCfg = Release|Any CPU
		{B5040996-6489-430F-9979-746FF90A178C}.Release|x64.Build.0 = Release|Any CPU
		{A82748A3-B662-42E7-9DB9-98931E48C9AB}.Debug|Any CPU.ActiveCfg = Debug|Any CPU
		{A82748A3-B662-42E7-9DB9-98931E48C9AB}.Debug|Any CPU.Build.0 = Debug|Any CPU
		{A82748A3-B662-42E7-9DB9-98931E48C9AB}.Debug|x64.ActiveCfg = Debug|Any CPU
		{A82748A3-B662-42E7-9DB9-98931E48C9AB}.Debug|x64.Build.0 = Debug|Any CPU
		{A82748A3-B662-42E7-9DB9-98931E48C9AB}.Release|Any CPU.ActiveCfg = Release|Any CPU
		{A82748A3-B662-42E7-9DB9-98931E48C9AB}.Release|Any CPU.Build.0 = Release|Any CPU
		{A82748A3-B662-42E7-9DB9-98931E48C9AB}.Release|x64.ActiveCfg = Release|Any CPU
		{A82748A3-B662-42E7-9DB9-98931E48C9AB}.Release|x64.Build.0 = Release|Any CPU
		{D3E0808F-63D5-4DF4-A571-2EC75B7B8BC4}.Debug|Any CPU.ActiveCfg = Debug|Any CPU
		{D3E0808F-63D5-4DF4-A571-2EC75B7B8BC4}.Debug|Any CPU.Build.0 = Debug|Any CPU
		{D3E0808F-63D5-4DF4-A571-2EC75B7B8BC4}.Debug|x64.ActiveCfg = Debug|Any CPU
		{D3E0808F-63D5-4DF4-A571-2EC75B7B8BC4}.Debug|x64.Build.0 = Debug|Any CPU
		{D3E0808F-63D5-4DF4-A571-2EC75B7B8BC4}.Release|Any CPU.ActiveCfg = Release|Any CPU
		{D3E0808F-63D5-4DF4-A571-2EC75B7B8BC4}.Release|Any CPU.Build.0 = Release|Any CPU
		{D3E0808F-63D5-4DF4-A571-2EC75B7B8BC4}.Release|x64.ActiveCfg = Release|Any CPU
		{D3E0808F-63D5-4DF4-A571-2EC75B7B8BC4}.Release|x64.Build.0 = Release|Any CPU
		{7945F036-FC94-403E-BB65-8BF48039184A}.Debug|Any CPU.ActiveCfg = Debug|Any CPU
		{7945F036-FC94-403E-BB65-8BF48039184A}.Debug|Any CPU.Build.0 = Debug|Any CPU
		{7945F036-FC94-403E-BB65-8BF48039184A}.Debug|x64.ActiveCfg = Debug|Any CPU
		{7945F036-FC94-403E-BB65-8BF48039184A}.Debug|x64.Build.0 = Debug|Any CPU
		{7945F036-FC94-403E-BB65-8BF48039184A}.Release|Any CPU.ActiveCfg = Release|Any CPU
		{7945F036-FC94-403E-BB65-8BF48039184A}.Release|Any CPU.Build.0 = Release|Any CPU
		{7945F036-FC94-403E-BB65-8BF48039184A}.Release|x64.ActiveCfg = Release|Any CPU
		{7945F036-FC94-403E-BB65-8BF48039184A}.Release|x64.Build.0 = Release|Any CPU
		{8CE3F83B-D300-4DA2-AA0A-F3B39244873A}.Debug|Any CPU.ActiveCfg = Debug|Any CPU
		{8CE3F83B-D300-4DA2-AA0A-F3B39244873A}.Debug|Any CPU.Build.0 = Debug|Any CPU
		{8CE3F83B-D300-4DA2-AA0A-F3B39244873A}.Debug|x64.ActiveCfg = Debug|Any CPU
		{8CE3F83B-D300-4DA2-AA0A-F3B39244873A}.Debug|x64.Build.0 = Debug|Any CPU
		{8CE3F83B-D300-4DA2-AA0A-F3B39244873A}.Release|Any CPU.ActiveCfg = Release|Any CPU
		{8CE3F83B-D300-4DA2-AA0A-F3B39244873A}.Release|Any CPU.Build.0 = Release|Any CPU
		{8CE3F83B-D300-4DA2-AA0A-F3B39244873A}.Release|x64.ActiveCfg = Release|Any CPU
		{8CE3F83B-D300-4DA2-AA0A-F3B39244873A}.Release|x64.Build.0 = Release|Any CPU
		{9337B46B-93C6-4D5D-A99C-26196DE1E8D3}.Debug|Any CPU.ActiveCfg = Debug|Any CPU
		{9337B46B-93C6-4D5D-A99C-26196DE1E8D3}.Debug|Any CPU.Build.0 = Debug|Any CPU
		{9337B46B-93C6-4D5D-A99C-26196DE1E8D3}.Debug|x64.ActiveCfg = Debug|Any CPU
		{9337B46B-93C6-4D5D-A99C-26196DE1E8D3}.Debug|x64.Build.0 = Debug|Any CPU
		{9337B46B-93C6-4D5D-A99C-26196DE1E8D3}.Release|Any CPU.ActiveCfg = Release|Any CPU
		{9337B46B-93C6-4D5D-A99C-26196DE1E8D3}.Release|Any CPU.Build.0 = Release|Any CPU
		{9337B46B-93C6-4D5D-A99C-26196DE1E8D3}.Release|x64.ActiveCfg = Release|Any CPU
		{9337B46B-93C6-4D5D-A99C-26196DE1E8D3}.Release|x64.Build.0 = Release|Any CPU
		{1A3EDBE3-3E13-4322-BC76-04235418BE4F}.Debug|Any CPU.ActiveCfg = Debug|Any CPU
		{1A3EDBE3-3E13-4322-BC76-04235418BE4F}.Debug|Any CPU.Build.0 = Debug|Any CPU
		{1A3EDBE3-3E13-4322-BC76-04235418BE4F}.Debug|x64.ActiveCfg = Debug|Any CPU
		{1A3EDBE3-3E13-4322-BC76-04235418BE4F}.Debug|x64.Build.0 = Debug|Any CPU
		{1A3EDBE3-3E13-4322-BC76-04235418BE4F}.Release|Any CPU.ActiveCfg = Release|Any CPU
		{1A3EDBE3-3E13-4322-BC76-04235418BE4F}.Release|Any CPU.Build.0 = Release|Any CPU
		{1A3EDBE3-3E13-4322-BC76-04235418BE4F}.Release|x64.ActiveCfg = Release|Any CPU
		{1A3EDBE3-3E13-4322-BC76-04235418BE4F}.Release|x64.Build.0 = Release|Any CPU
	EndGlobalSection
	GlobalSection(SolutionProperties) = preSolution
		HideSolutionNode = FALSE
	EndGlobalSection
	GlobalSection(ExtensibilityGlobals) = postSolution
		SolutionGuid = {009C2B95-4E40-404F-A1B7-73E73976E47E}
	EndGlobalSection
EndGlobal
